
Microsoft Visual Studio Solution File, Format Version 12.00
# Visual Studio 15
VisualStudioVersion = 15.0.28307.1000
MinimumVisualStudioVersion = 10.0.40219.1
Project("{FAE04EC0-301F-11D3-BF4B-00C04F79EFBC}") = "eCommerce.Contracts", "eCommerce.Contracts\eCommerce.Contracts.csproj", "{92DB6DEB-D139-4BC8-B451-26FC3BC9A2C4}"
EndProject
Project("{FAE04EC0-301F-11D3-BF4B-00C04F79EFBC}") = "eCommerce.DAL", "eCommerce.DAL\eCommerce.DAL.csproj", "{3EEBFD69-CE5E-41C5-90A8-969132242BE4}"
EndProject
Project("{FAE04EC0-301F-11D3-BF4B-00C04F79EFBC}") = "eCommerce.Model", "eCommerce.Model\eCommerce.Model.csproj", "{0989B884-8C84-42A6-807A-671F02B7C055}"
EndProject
Project("{FAE04EC0-301F-11D3-BF4B-00C04F79EFBC}") = "eCommerce.WebUI", "eCommerce.WebUI\eCommerce.WebUI.csproj", "{AC43BD56-D632-4C74-A813-7153A69AFAF5}"
EndProject
Project("{FAE04EC0-301F-11D3-BF4B-00C04F79EFBC}") = "eCommerce.Services", "eCommerce.Services\eCommerce.Services.csproj", "{8F35340D-355B-4740-AFB0-610A97EE08DC}"
EndProject
Global
	GlobalSection(SolutionConfigurationPlatforms) = preSolution
		Debug|Any CPU = Debug|Any CPU
		Release|Any CPU = Release|Any CPU
	EndGlobalSection
	GlobalSection(ProjectConfigurationPlatforms) = postSolution
		{92DB6DEB-D139-4BC8-B451-26FC3BC9A2C4}.Debug|Any CPU.ActiveCfg = Debug|Any CPU
		{92DB6DEB-D139-4BC8-B451-26FC3BC9A2C4}.Debug|Any CPU.Build.0 = Debug|Any CPU
		{92DB6DEB-D139-4BC8-B451-26FC3BC9A2C4}.Release|Any CPU.ActiveCfg = Release|Any CPU
		{92DB6DEB-D139-4BC8-B451-26FC3BC9A2C4}.Release|Any CPU.Build.0 = Release|Any CPU
		{3EEBFD69-CE5E-41C5-90A8-969132242BE4}.Debug|Any CPU.ActiveCfg = Debug|Any CPU
		{3EEBFD69-CE5E-41C5-90A8-969132242BE4}.Debug|Any CPU.Build.0 = Debug|Any CPU
		{3EEBFD69-CE5E-41C5-90A8-969132242BE4}.Release|Any CPU.ActiveCfg = Release|Any CPU
		{3EEBFD69-CE5E-41C5-90A8-969132242BE4}.Release|Any CPU.Build.0 = Release|Any CPU
		{0989B884-8C84-42A6-807A-671F02B7C055}.Debug|Any CPU.ActiveCfg = Debug|Any CPU
		{0989B884-8C84-42A6-807A-671F02B7C055}.Debug|Any CPU.Build.0 = Debug|Any CPU
		{0989B884-8C84-42A6-807A-671F02B7C055}.Release|Any CPU.ActiveCfg = Release|Any CPU
		{0989B884-8C84-42A6-807A-671F02B7C055}.Release|Any CPU.Build.0 = Release|Any CPU
		{AC43BD56-D632-4C74-A813-7153A69AFAF5}.Debug|Any CPU.ActiveCfg = Debug|Any CPU
		{AC43BD56-D632-4C74-A813-7153A69AFAF5}.Debug|Any CPU.Build.0 = Debug|Any CPU
		{AC43BD56-D632-4C74-A813-7153A69AFAF5}.Release|Any CPU.ActiveCfg = Release|Any CPU
		{AC43BD56-D632-4C74-A813-7153A69AFAF5}.Release|Any CPU.Build.0 = Release|Any CPU
		{8F35340D-355B-4740-AFB0-610A97EE08DC}.Debug|Any CPU.ActiveCfg = Debug|Any CPU
		{8F35340D-355B-4740-AFB0-610A97EE08DC}.Debug|Any CPU.Build.0 = Debug|Any CPU
		{8F35340D-355B-4740-AFB0-610A97EE08DC}.Release|Any CPU.ActiveCfg = Release|Any CPU
		{8F35340D-355B-4740-AFB0-610A97EE08DC}.Release|Any CPU.Build.0 = Release|Any CPU
	EndGlobalSection
	GlobalSection(SolutionProperties) = preSolution
		HideSolutionNode = FALSE
	EndGlobalSection
	GlobalSection(ExtensibilityGlobals) = postSolution
		SolutionGuid = {1CD11989-ABFD-4F93-BEA9-AB2DE51461B3}
	EndGlobalSection
EndGlobal
